
Microsoft Visual Studio Solution File, Format Version 12.00
# Visual Studio Version 17
VisualStudioVersion = 17.5.33516.290
MinimumVisualStudioVersion = 10.0.40219.1
Project("{FAE04EC0-301F-11D3-BF4B-00C04F79EFBC}") = "FoodsAPI", "FoodsAPI\FoodsAPI.csproj", "{15039586-9301-484B-B076-F87A111A4FF2}"
EndProject
Project("{FAE04EC0-301F-11D3-BF4B-00C04F79EFBC}") = "FoodsAPI.Tests", "FoodsAPI.Tests\FoodsAPI.Tests.csproj", "{90CBD45D-9638-4714-B507-AF28A6E2891C}"
EndProject
Global
	GlobalSection(SolutionConfigurationPlatforms) = preSolution
		Debug|Any CPU = Debug|Any CPU
		Release|Any CPU = Release|Any CPU
	EndGlobalSection
	GlobalSection(ProjectConfigurationPlatforms) = postSolution
		{15039586-9301-484B-B076-F87A111A4FF2}.Debug|Any CPU.ActiveCfg = Debug|Any CPU
		{15039586-9301-484B-B076-F87A111A4FF2}.Debug|Any CPU.Build.0 = Debug|Any CPU
		{15039586-9301-484B-B076-F87A111A4FF2}.Release|Any CPU.ActiveCfg = Release|Any CPU
		{15039586-9301-484B-B076-F87A111A4FF2}.Release|Any CPU.Build.0 = Release|Any CPU
		{90CBD45D-9638-4714-B507-AF28A6E2891C}.Debug|Any CPU.ActiveCfg = Debug|Any CPU
		{90CBD45D-9638-4714-B507-AF28A6E2891C}.Debug|Any CPU.Build.0 = Debug|Any CPU
		{90CBD45D-9638-4714-B507-AF28A6E2891C}.Release|Any CPU.ActiveCfg = Release|Any CPU
		{90CBD45D-9638-4714-B507-AF28A6E2891C}.Release|Any CPU.Build.0 = Release|Any CPU
	EndGlobalSection
	GlobalSection(SolutionProperties) = preSolution
		HideSolutionNode = FALSE
	EndGlobalSection
	GlobalSection(ExtensibilityGlobals) = postSolution
		SolutionGuid = {1BFB79B1-3364-4967-9352-A92D9DC7A5F5}
	EndGlobalSection
EndGlobal
